// !$*UTF8*$!
{
	archiveVersion = 1;
	classes = {
	};
	objectVersion = 55;
	objects = {

/* Begin PBXBuildFile section */
		9B2A1B5828FF1EB30095BA44 /* StretchyTableHeaderView.swift in Sources */ = {isa = PBXBuildFile; fileRef = 9B2A1B5728FF1EB20095BA44 /* StretchyTableHeaderView.swift */; };
		9B2A1B5B28FFB67A0095BA44 /* MoviesCell.swift in Sources */ = {isa = PBXBuildFile; fileRef = 9B2A1B5928FFB67A0095BA44 /* MoviesCell.swift */; };
		9B2A1B5C28FFB67A0095BA44 /* MoviesCell.xib in Resources */ = {isa = PBXBuildFile; fileRef = 9B2A1B5A28FFB67A0095BA44 /* MoviesCell.xib */; };
		9B2A1B5F28FFDE1F0095BA44 /* Corner.swift in Sources */ = {isa = PBXBuildFile; fileRef = 9B2A1B5E28FFDE1F0095BA44 /* Corner.swift */; };
		9B2A1B6128FFF1ED0095BA44 /* MovieDetailsViewController.swift in Sources */ = {isa = PBXBuildFile; fileRef = 9B2A1B6028FFF1ED0095BA44 /* MovieDetailsViewController.swift */; };
		9B2A1B63290055EA0095BA44 /* extensions.swift in Sources */ = {isa = PBXBuildFile; fileRef = 9B2A1B62290055EA0095BA44 /* extensions.swift */; };
		9B2A1B6729006C8E0095BA44 /* ActorDirectorCell.swift in Sources */ = {isa = PBXBuildFile; fileRef = 9B2A1B6529006C8E0095BA44 /* ActorDirectorCell.swift */; };
		9B2A1B6829006C8E0095BA44 /* ActorDirectorCell.xib in Resources */ = {isa = PBXBuildFile; fileRef = 9B2A1B6629006C8E0095BA44 /* ActorDirectorCell.xib */; };
		9B2A1B6A29007D330095BA44 /* MovieDetailsExtension.swift in Sources */ = {isa = PBXBuildFile; fileRef = 9B2A1B6929007D330095BA44 /* MovieDetailsExtension.swift */; };
		9B2A1B6E290126730095BA44 /* SearchAllViewController.swift in Sources */ = {isa = PBXBuildFile; fileRef = 9B2A1B6D290126730095BA44 /* SearchAllViewController.swift */; };
		9B2A1B71290160920095BA44 /* ChipRatingCell.swift in Sources */ = {isa = PBXBuildFile; fileRef = 9B2A1B6F290160910095BA44 /* ChipRatingCell.swift */; };
		9B2A1B72290160920095BA44 /* ChipRatingCell.xib in Resources */ = {isa = PBXBuildFile; fileRef = 9B2A1B70290160910095BA44 /* ChipRatingCell.xib */; };
		9B2A1B74290196860095BA44 /* SearchAllViewControllerExtension.swift in Sources */ = {isa = PBXBuildFile; fileRef = 9B2A1B73290196860095BA44 /* SearchAllViewControllerExtension.swift */; };
		9B2A1B77290275010095BA44 /* FavouritesCollectionCell.xib in Resources */ = {isa = PBXBuildFile; fileRef = 9B2A1B75290275010095BA44 /* FavouritesCollectionCell.xib */; };
		9B2A1B78290275010095BA44 /* FavouritesCollectionCell.swift in Sources */ = {isa = PBXBuildFile; fileRef = 9B2A1B76290275010095BA44 /* FavouritesCollectionCell.swift */; };
		9B2A1B7B290275560095BA44 /* FavouritesCell.swift in Sources */ = {isa = PBXBuildFile; fileRef = 9B2A1B79290275560095BA44 /* FavouritesCell.swift */; };
		9B2A1B7C290275560095BA44 /* FavouritesCell.xib in Resources */ = {isa = PBXBuildFile; fileRef = 9B2A1B7A290275560095BA44 /* FavouritesCell.xib */; };
		9B2A1B7F29043FC50095BA44 /* GenureCollectionViewCell.swift in Sources */ = {isa = PBXBuildFile; fileRef = 9B2A1B7D29043FC30095BA44 /* GenureCollectionViewCell.swift */; };
		9B2A1B8029043FC50095BA44 /* GenureCollectionViewCell.xib in Resources */ = {isa = PBXBuildFile; fileRef = 9B2A1B7E29043FC30095BA44 /* GenureCollectionViewCell.xib */; };
		9BC544A228FE80CF005F39BE /* AppDelegate.swift in Sources */ = {isa = PBXBuildFile; fileRef = 9BC544A128FE80CF005F39BE /* AppDelegate.swift */; };
		9BC544A428FE80CF005F39BE /* SceneDelegate.swift in Sources */ = {isa = PBXBuildFile; fileRef = 9BC544A328FE80CF005F39BE /* SceneDelegate.swift */; };
		9BC544A628FE80CF005F39BE /* ExploreMoviesHomeViewController.swift in Sources */ = {isa = PBXBuildFile; fileRef = 9BC544A528FE80CF005F39BE /* ExploreMoviesHomeViewController.swift */; };
		9BC544A928FE80CF005F39BE /* Main.storyboard in Resources */ = {isa = PBXBuildFile; fileRef = 9BC544A728FE80CF005F39BE /* Main.storyboard */; };
		9BC544AB28FE80D1005F39BE /* Assets.xcassets in Resources */ = {isa = PBXBuildFile; fileRef = 9BC544AA28FE80D1005F39BE /* Assets.xcassets */; };
		9BC544AE28FE80D1005F39BE /* LaunchScreen.storyboard in Resources */ = {isa = PBXBuildFile; fileRef = 9BC544AC28FE80D1005F39BE /* LaunchScreen.storyboard */; };
		9BC544BB28FE81BC005F39BE /* movies.json in Resources */ = {isa = PBXBuildFile; fileRef = 9BC544BA28FE81BC005F39BE /* movies.json */; };
		9BC544BD28FE81FE005F39BE /* staff_picks.json in Resources */ = {isa = PBXBuildFile; fileRef = 9BC544BC28FE81FE005F39BE /* staff_picks.json */; };
		9BC544C128FE84AF005F39BE /* MoviesModel.swift in Sources */ = {isa = PBXBuildFile; fileRef = 9BC544C028FE84AF005F39BE /* MoviesModel.swift */; };
		9BC544C328FE8D83005F39BE /* StaffpickModel.swift in Sources */ = {isa = PBXBuildFile; fileRef = 9BC544C228FE8D83005F39BE /* StaffpickModel.swift */; };
		9BC544C728FE9108005F39BE /* LoopColors.swift in Sources */ = {isa = PBXBuildFile; fileRef = 9BC544C628FE9108005F39BE /* LoopColors.swift */; };
		9BC544C928FE98D6005F39BE /* ReadLocalFiles.swift in Sources */ = {isa = PBXBuildFile; fileRef = 9BC544C828FE98D6005F39BE /* ReadLocalFiles.swift */; };
		9BC544CB28FEEE7B005F39BE /* ImagePlaceholderLoader.swift in Sources */ = {isa = PBXBuildFile; fileRef = 9BC544CA28FEEE7B005F39BE /* ImagePlaceholderLoader.swift */; };
/* End PBXBuildFile section */

/* Begin PBXFileReference section */
		9B2A1B5728FF1EB20095BA44 /* StretchyTableHeaderView.swift */ = {isa = PBXFileReference; lastKnownFileType = sourcecode.swift; path = StretchyTableHeaderView.swift; sourceTree = "<group>"; };
		9B2A1B5928FFB67A0095BA44 /* MoviesCell.swift */ = {isa = PBXFileReference; lastKnownFileType = sourcecode.swift; path = MoviesCell.swift; sourceTree = "<group>"; };
		9B2A1B5A28FFB67A0095BA44 /* MoviesCell.xib */ = {isa = PBXFileReference; lastKnownFileType = file.xib; path = MoviesCell.xib; sourceTree = "<group>"; };
		9B2A1B5E28FFDE1F0095BA44 /* Corner.swift */ = {isa = PBXFileReference; lastKnownFileType = sourcecode.swift; path = Corner.swift; sourceTree = "<group>"; };
		9B2A1B6028FFF1ED0095BA44 /* MovieDetailsViewController.swift */ = {isa = PBXFileReference; lastKnownFileType = sourcecode.swift; path = MovieDetailsViewController.swift; sourceTree = "<group>"; };
		9B2A1B62290055EA0095BA44 /* extensions.swift */ = {isa = PBXFileReference; lastKnownFileType = sourcecode.swift; path = extensions.swift; sourceTree = "<group>"; };
		9B2A1B6529006C8E0095BA44 /* ActorDirectorCell.swift */ = {isa = PBXFileReference; lastKnownFileType = sourcecode.swift; path = ActorDirectorCell.swift; sourceTree = "<group>"; };
		9B2A1B6629006C8E0095BA44 /* ActorDirectorCell.xib */ = {isa = PBXFileReference; lastKnownFileType = file.xib; path = ActorDirectorCell.xib; sourceTree = "<group>"; };
		9B2A1B6929007D330095BA44 /* MovieDetailsExtension.swift */ = {isa = PBXFileReference; lastKnownFileType = sourcecode.swift; path = MovieDetailsExtension.swift; sourceTree = "<group>"; };
		9B2A1B6D290126730095BA44 /* SearchAllViewController.swift */ = {isa = PBXFileReference; lastKnownFileType = sourcecode.swift; path = SearchAllViewController.swift; sourceTree = "<group>"; };
		9B2A1B6F290160910095BA44 /* ChipRatingCell.swift */ = {isa = PBXFileReference; lastKnownFileType = sourcecode.swift; path = ChipRatingCell.swift; sourceTree = "<group>"; };
		9B2A1B70290160910095BA44 /* ChipRatingCell.xib */ = {isa = PBXFileReference; lastKnownFileType = file.xib; path = ChipRatingCell.xib; sourceTree = "<group>"; };
		9B2A1B73290196860095BA44 /* SearchAllViewControllerExtension.swift */ = {isa = PBXFileReference; lastKnownFileType = sourcecode.swift; path = SearchAllViewControllerExtension.swift; sourceTree = "<group>"; };
		9B2A1B75290275010095BA44 /* FavouritesCollectionCell.xib */ = {isa = PBXFileReference; fileEncoding = 4; lastKnownFileType = file.xib; path = FavouritesCollectionCell.xib; sourceTree = "<group>"; };
		9B2A1B76290275010095BA44 /* FavouritesCollectionCell.swift */ = {isa = PBXFileReference; fileEncoding = 4; lastKnownFileType = sourcecode.swift; path = FavouritesCollectionCell.swift; sourceTree = "<group>"; };
		9B2A1B79290275560095BA44 /* FavouritesCell.swift */ = {isa = PBXFileReference; fileEncoding = 4; lastKnownFileType = sourcecode.swift; path = FavouritesCell.swift; sourceTree = "<group>"; };
		9B2A1B7A290275560095BA44 /* FavouritesCell.xib */ = {isa = PBXFileReference; fileEncoding = 4; lastKnownFileType = file.xib; path = FavouritesCell.xib; sourceTree = "<group>"; };
		9B2A1B7D29043FC30095BA44 /* GenureCollectionViewCell.swift */ = {isa = PBXFileReference; lastKnownFileType = sourcecode.swift; path = GenureCollectionViewCell.swift; sourceTree = "<group>"; };
		9B2A1B7E29043FC30095BA44 /* GenureCollectionViewCell.xib */ = {isa = PBXFileReference; lastKnownFileType = file.xib; path = GenureCollectionViewCell.xib; sourceTree = "<group>"; };
		9BC5449E28FE80CF005F39BE /* Loop.app */ = {isa = PBXFileReference; explicitFileType = wrapper.application; includeInIndex = 0; path = Loop.app; sourceTree = BUILT_PRODUCTS_DIR; };
		9BC544A128FE80CF005F39BE /* AppDelegate.swift */ = {isa = PBXFileReference; lastKnownFileType = sourcecode.swift; path = AppDelegate.swift; sourceTree = "<group>"; };
		9BC544A328FE80CF005F39BE /* SceneDelegate.swift */ = {isa = PBXFileReference; lastKnownFileType = sourcecode.swift; path = SceneDelegate.swift; sourceTree = "<group>"; };
		9BC544A528FE80CF005F39BE /* ExploreMoviesHomeViewController.swift */ = {isa = PBXFileReference; lastKnownFileType = sourcecode.swift; path = ExploreMoviesHomeViewController.swift; sourceTree = "<group>"; };
		9BC544A828FE80CF005F39BE /* Base */ = {isa = PBXFileReference; lastKnownFileType = file.storyboard; name = Base; path = Base.lproj/Main.storyboard; sourceTree = "<group>"; };
		9BC544AA28FE80D1005F39BE /* Assets.xcassets */ = {isa = PBXFileReference; lastKnownFileType = folder.assetcatalog; path = Assets.xcassets; sourceTree = "<group>"; };
		9BC544AD28FE80D1005F39BE /* Base */ = {isa = PBXFileReference; lastKnownFileType = file.storyboard; name = Base; path = Base.lproj/LaunchScreen.storyboard; sourceTree = "<group>"; };
		9BC544AF28FE80D1005F39BE /* Info.plist */ = {isa = PBXFileReference; lastKnownFileType = text.plist.xml; path = Info.plist; sourceTree = "<group>"; };
		9BC544BA28FE81BC005F39BE /* movies.json */ = {isa = PBXFileReference; lastKnownFileType = text.json; path = movies.json; sourceTree = "<group>"; };
		9BC544BC28FE81FE005F39BE /* staff_picks.json */ = {isa = PBXFileReference; lastKnownFileType = text.json; path = staff_picks.json; sourceTree = "<group>"; };
		9BC544C028FE84AF005F39BE /* MoviesModel.swift */ = {isa = PBXFileReference; lastKnownFileType = sourcecode.swift; path = MoviesModel.swift; sourceTree = "<group>"; };
		9BC544C228FE8D83005F39BE /* StaffpickModel.swift */ = {isa = PBXFileReference; lastKnownFileType = sourcecode.swift; path = StaffpickModel.swift; sourceTree = "<group>"; };
		9BC544C628FE9108005F39BE /* LoopColors.swift */ = {isa = PBXFileReference; lastKnownFileType = sourcecode.swift; path = LoopColors.swift; sourceTree = "<group>"; };
		9BC544C828FE98D6005F39BE /* ReadLocalFiles.swift */ = {isa = PBXFileReference; lastKnownFileType = sourcecode.swift; path = ReadLocalFiles.swift; sourceTree = "<group>"; };
		9BC544CA28FEEE7B005F39BE /* ImagePlaceholderLoader.swift */ = {isa = PBXFileReference; fileEncoding = 4; lastKnownFileType = sourcecode.swift; path = ImagePlaceholderLoader.swift; sourceTree = "<group>"; };
/* End PBXFileReference section */

/* Begin PBXFrameworksBuildPhase section */
		9BC5449B28FE80CF005F39BE /* Frameworks */ = {
			isa = PBXFrameworksBuildPhase;
			buildActionMask = 2147483647;
			files = (
			);
			runOnlyForDeploymentPostprocessing = 0;
		};
/* End PBXFrameworksBuildPhase section */

/* Begin PBXGroup section */
		9B2A1B5D28FFC9B20095BA44 /* Helper */ = {
			isa = PBXGroup;
			children = (
				9BC544CA28FEEE7B005F39BE /* ImagePlaceholderLoader.swift */,
				9BC544C628FE9108005F39BE /* LoopColors.swift */,
				9B2A1B5728FF1EB20095BA44 /* StretchyTableHeaderView.swift */,
				9B2A1B5E28FFDE1F0095BA44 /* Corner.swift */,
				9B2A1B62290055EA0095BA44 /* extensions.swift */,
			);
			path = Helper;
			sourceTree = "<group>";
		};
		9B2A1B6429006C3A0095BA44 /* Cell */ = {
			isa = PBXGroup;
			children = (
				9B2A1B79290275560095BA44 /* FavouritesCell.swift */,
				9B2A1B7A290275560095BA44 /* FavouritesCell.xib */,
				9B2A1B76290275010095BA44 /* FavouritesCollectionCell.swift */,
				9B2A1B75290275010095BA44 /* FavouritesCollectionCell.xib */,
				9B2A1B5928FFB67A0095BA44 /* MoviesCell.swift */,
				9B2A1B5A28FFB67A0095BA44 /* MoviesCell.xib */,
				9B2A1B6529006C8E0095BA44 /* ActorDirectorCell.swift */,
				9B2A1B6629006C8E0095BA44 /* ActorDirectorCell.xib */,
				9B2A1B6F290160910095BA44 /* ChipRatingCell.swift */,
				9B2A1B70290160910095BA44 /* ChipRatingCell.xib */,
				9B2A1B7D29043FC30095BA44 /* GenureCollectionViewCell.swift */,
				9B2A1B7E29043FC30095BA44 /* GenureCollectionViewCell.xib */,
			);
			path = Cell;
			sourceTree = "<group>";
		};
		9B2A1B6B290126310095BA44 /* ExploreMovies */ = {
			isa = PBXGroup;
			children = (
				9BC544A528FE80CF005F39BE /* ExploreMoviesHomeViewController.swift */,
				9B2A1B6028FFF1ED0095BA44 /* MovieDetailsViewController.swift */,
				9B2A1B6929007D330095BA44 /* MovieDetailsExtension.swift */,
			);
			path = ExploreMovies;
			sourceTree = "<group>";
		};
		9B2A1B6C290126560095BA44 /* SearchAllMovies */ = {
			isa = PBXGroup;
			children = (
				9B2A1B6D290126730095BA44 /* SearchAllViewController.swift */,
				9B2A1B73290196860095BA44 /* SearchAllViewControllerExtension.swift */,
			);
			path = SearchAllMovies;
			sourceTree = "<group>";
		};
		9BC5449528FE80CF005F39BE = {
			isa = PBXGroup;
			children = (
				9BC544A028FE80CF005F39BE /* Loop */,
				9BC5449F28FE80CF005F39BE /* Products */,
			);
			sourceTree = "<group>";
		};
		9BC5449F28FE80CF005F39BE /* Products */ = {
			isa = PBXGroup;
			children = (
				9BC5449E28FE80CF005F39BE /* Loop.app */,
			);
			name = Products;
			sourceTree = "<group>";
		};
		9BC544A028FE80CF005F39BE /* Loop */ = {
			isa = PBXGroup;
			children = (
				9BC544BF28FE8472005F39BE /* ViewModels */,
				9BC544B828FE8109005F39BE /* Controller */,
				9BC544B728FE8104005F39BE /* View */,
				9BC544B628FE80FC005F39BE /* Model */,
				9BC544B528FE80F4005F39BE /* Utils */,
				9BC544A128FE80CF005F39BE /* AppDelegate.swift */,
				9BC544A328FE80CF005F39BE /* SceneDelegate.swift */,
				9BC544AA28FE80D1005F39BE /* Assets.xcassets */,
				9BC544AF28FE80D1005F39BE /* Info.plist */,
			);
			path = Loop;
			sourceTree = "<group>";
		};
		9BC544B528FE80F4005F39BE /* Utils */ = {
			isa = PBXGroup;
			children = (
				9B2A1B5D28FFC9B20095BA44 /* Helper */,
				9BC544B928FE812A005F39BE /* JSON */,
			);
			path = Utils;
			sourceTree = "<group>";
		};
		9BC544B628FE80FC005F39BE /* Model */ = {
			isa = PBXGroup;
			children = (
				9BC544C028FE84AF005F39BE /* MoviesModel.swift */,
				9BC544C228FE8D83005F39BE /* StaffpickModel.swift */,
			);
			path = Model;
			sourceTree = "<group>";
		};
		9BC544B728FE8104005F39BE /* View */ = {
			isa = PBXGroup;
			children = (
				9B2A1B6429006C3A0095BA44 /* Cell */,
				9BC544C528FE8EC7005F39BE /* Storboard */,
				9BC544C428FE8EBF005F39BE /* Launch */,
			);
			path = View;
			sourceTree = "<group>";
		};
		9BC544B828FE8109005F39BE /* Controller */ = {
			isa = PBXGroup;
			children = (
				9B2A1B6C290126560095BA44 /* SearchAllMovies */,
				9B2A1B6B290126310095BA44 /* ExploreMovies */,
			);
			path = Controller;
			sourceTree = "<group>";
		};
		9BC544B928FE812A005F39BE /* JSON */ = {
			isa = PBXGroup;
			children = (
				9BC544BA28FE81BC005F39BE /* movies.json */,
				9BC544BC28FE81FE005F39BE /* staff_picks.json */,
			);
			path = JSON;
			sourceTree = "<group>";
		};
		9BC544BF28FE8472005F39BE /* ViewModels */ = {
			isa = PBXGroup;
			children = (
				9BC544C828FE98D6005F39BE /* ReadLocalFiles.swift */,
			);
			path = ViewModels;
			sourceTree = "<group>";
		};
		9BC544C428FE8EBF005F39BE /* Launch */ = {
			isa = PBXGroup;
			children = (
				9BC544AC28FE80D1005F39BE /* LaunchScreen.storyboard */,
			);
			path = Launch;
			sourceTree = "<group>";
		};
		9BC544C528FE8EC7005F39BE /* Storboard */ = {
			isa = PBXGroup;
			children = (
				9BC544A728FE80CF005F39BE /* Main.storyboard */,
			);
			name = Storboard;
			sourceTree = "<group>";
		};
/* End PBXGroup section */

/* Begin PBXNativeTarget section */
		9BC5449D28FE80CF005F39BE /* Loop */ = {
			isa = PBXNativeTarget;
			buildConfigurationList = 9BC544B228FE80D1005F39BE /* Build configuration list for PBXNativeTarget "Loop" */;
			buildPhases = (
				9BC5449A28FE80CF005F39BE /* Sources */,
				9BC5449B28FE80CF005F39BE /* Frameworks */,
				9BC5449C28FE80CF005F39BE /* Resources */,
			);
			buildRules = (
			);
			dependencies = (
			);
			name = Loop;
			productName = Loop;
			productReference = 9BC5449E28FE80CF005F39BE /* Loop.app */;
			productType = "com.apple.product-type.application";
		};
/* End PBXNativeTarget section */

/* Begin PBXProject section */
		9BC5449628FE80CF005F39BE /* Project object */ = {
			isa = PBXProject;
			attributes = {
				BuildIndependentTargetsInParallel = 1;
				LastSwiftUpdateCheck = 1340;
				LastUpgradeCheck = 1340;
				TargetAttributes = {
					9BC5449D28FE80CF005F39BE = {
						CreatedOnToolsVersion = 13.4.1;
					};
				};
			};
			buildConfigurationList = 9BC5449928FE80CF005F39BE /* Build configuration list for PBXProject "Loop" */;
			compatibilityVersion = "Xcode 13.0";
			developmentRegion = en;
			hasScannedForEncodings = 0;
			knownRegions = (
				en,
				Base,
			);
			mainGroup = 9BC5449528FE80CF005F39BE;
			productRefGroup = 9BC5449F28FE80CF005F39BE /* Products */;
			projectDirPath = "";
			projectRoot = "";
			targets = (
				9BC5449D28FE80CF005F39BE /* Loop */,
			);
		};
/* End PBXProject section */

/* Begin PBXResourcesBuildPhase section */
		9BC5449C28FE80CF005F39BE /* Resources */ = {
			isa = PBXResourcesBuildPhase;
			buildActionMask = 2147483647;
			files = (
				9BC544BB28FE81BC005F39BE /* movies.json in Resources */,
				9BC544AE28FE80D1005F39BE /* LaunchScreen.storyboard in Resources */,
				9B2A1B6829006C8E0095BA44 /* ActorDirectorCell.xib in Resources */,
				9B2A1B5C28FFB67A0095BA44 /* MoviesCell.xib in Resources */,
				9B2A1B72290160920095BA44 /* ChipRatingCell.xib in Resources */,
				9B2A1B77290275010095BA44 /* FavouritesCollectionCell.xib in Resources */,
				9BC544AB28FE80D1005F39BE /* Assets.xcassets in Resources */,
				9B2A1B7C290275560095BA44 /* FavouritesCell.xib in Resources */,
				9B2A1B8029043FC50095BA44 /* GenureCollectionViewCell.xib in Resources */,
				9BC544A928FE80CF005F39BE /* Main.storyboard in Resources */,
				9BC544BD28FE81FE005F39BE /* staff_picks.json in Resources */,
			);
			runOnlyForDeploymentPostprocessing = 0;
		};
/* End PBXResourcesBuildPhase section */

/* Begin PBXSourcesBuildPhase section */
		9BC5449A28FE80CF005F39BE /* Sources */ = {
			isa = PBXSourcesBuildPhase;
			buildActionMask = 2147483647;
			files = (
				9B2A1B78290275010095BA44 /* FavouritesCollectionCell.swift in Sources */,
				9BC544C328FE8D83005F39BE /* StaffpickModel.swift in Sources */,
				9B2A1B6729006C8E0095BA44 /* ActorDirectorCell.swift in Sources */,
				9BC544CB28FEEE7B005F39BE /* ImagePlaceholderLoader.swift in Sources */,
				9BC544C728FE9108005F39BE /* LoopColors.swift in Sources */,
				9B2A1B5F28FFDE1F0095BA44 /* Corner.swift in Sources */,
				9BC544C928FE98D6005F39BE /* ReadLocalFiles.swift in Sources */,
				9B2A1B6E290126730095BA44 /* SearchAllViewController.swift in Sources */,
				9B2A1B74290196860095BA44 /* SearchAllViewControllerExtension.swift in Sources */,
				9B2A1B5B28FFB67A0095BA44 /* MoviesCell.swift in Sources */,
				9BC544A628FE80CF005F39BE /* ExploreMoviesHomeViewController.swift in Sources */,
				9B2A1B7B290275560095BA44 /* FavouritesCell.swift in Sources */,
				9B2A1B5828FF1EB30095BA44 /* StretchyTableHeaderView.swift in Sources */,
				9B2A1B6128FFF1ED0095BA44 /* MovieDetailsViewController.swift in Sources */,
				9B2A1B6A29007D330095BA44 /* MovieDetailsExtension.swift in Sources */,
				9BC544A228FE80CF005F39BE /* AppDelegate.swift in Sources */,
				9B2A1B63290055EA0095BA44 /* extensions.swift in Sources */,
				9BC544A428FE80CF005F39BE /* SceneDelegate.swift in Sources */,
				9BC544C128FE84AF005F39BE /* MoviesModel.swift in Sources */,
				9B2A1B7F29043FC50095BA44 /* GenureCollectionViewCell.swift in Sources */,
				9B2A1B71290160920095BA44 /* ChipRatingCell.swift in Sources */,
			);
			runOnlyForDeploymentPostprocessing = 0;
		};
/* End PBXSourcesBuildPhase section */

/* Begin PBXVariantGroup section */
		9BC544A728FE80CF005F39BE /* Main.storyboard */ = {
			isa = PBXVariantGroup;
			children = (
				9BC544A828FE80CF005F39BE /* Base */,
			);
			name = Main.storyboard;
			sourceTree = "<group>";
		};
		9BC544AC28FE80D1005F39BE /* LaunchScreen.storyboard */ = {
			isa = PBXVariantGroup;
			children = (
				9BC544AD28FE80D1005F39BE /* Base */,
			);
			name = LaunchScreen.storyboard;
			sourceTree = "<group>";
		};
/* End PBXVariantGroup section */

/* Begin XCBuildConfiguration section */
		9BC544B028FE80D1005F39BE /* Debug */ = {
			isa = XCBuildConfiguration;
			buildSettings = {
				ALWAYS_SEARCH_USER_PATHS = NO;
				CLANG_ANALYZER_NONNULL = YES;
				CLANG_ANALYZER_NUMBER_OBJECT_CONVERSION = YES_AGGRESSIVE;
				CLANG_CXX_LANGUAGE_STANDARD = "gnu++17";
				CLANG_ENABLE_MODULES = YES;
				CLANG_ENABLE_OBJC_ARC = YES;
				CLANG_ENABLE_OBJC_WEAK = YES;
				CLANG_WARN_BLOCK_CAPTURE_AUTORELEASING = YES;
				CLANG_WARN_BOOL_CONVERSION = YES;
				CLANG_WARN_COMMA = YES;
				CLANG_WARN_CONSTANT_CONVERSION = YES;
				CLANG_WARN_DEPRECATED_OBJC_IMPLEMENTATIONS = YES;
				CLANG_WARN_DIRECT_OBJC_ISA_USAGE = YES_ERROR;
				CLANG_WARN_DOCUMENTATION_COMMENTS = YES;
				CLANG_WARN_EMPTY_BODY = YES;
				CLANG_WARN_ENUM_CONVERSION = YES;
				CLANG_WARN_INFINITE_RECURSION = YES;
				CLANG_WARN_INT_CONVERSION = YES;
				CLANG_WARN_NON_LITERAL_NULL_CONVERSION = YES;
				CLANG_WARN_OBJC_IMPLICIT_RETAIN_SELF = YES;
				CLANG_WARN_OBJC_LITERAL_CONVERSION = YES;
				CLANG_WARN_OBJC_ROOT_CLASS = YES_ERROR;
				CLANG_WARN_QUOTED_INCLUDE_IN_FRAMEWORK_HEADER = YES;
				CLANG_WARN_RANGE_LOOP_ANALYSIS = YES;
				CLANG_WARN_STRICT_PROTOTYPES = YES;
				CLANG_WARN_SUSPICIOUS_MOVE = YES;
				CLANG_WARN_UNGUARDED_AVAILABILITY = YES_AGGRESSIVE;
				CLANG_WARN_UNREACHABLE_CODE = YES;
				CLANG_WARN__DUPLICATE_METHOD_MATCH = YES;
				COPY_PHASE_STRIP = NO;
				DEBUG_INFORMATION_FORMAT = dwarf;
				ENABLE_STRICT_OBJC_MSGSEND = YES;
				ENABLE_TESTABILITY = YES;
				GCC_C_LANGUAGE_STANDARD = gnu11;
				GCC_DYNAMIC_NO_PIC = NO;
				GCC_NO_COMMON_BLOCKS = YES;
				GCC_OPTIMIZATION_LEVEL = 0;
				GCC_PREPROCESSOR_DEFINITIONS = (
					"DEBUG=1",
					"$(inherited)",
				);
				GCC_WARN_64_TO_32_BIT_CONVERSION = YES;
				GCC_WARN_ABOUT_RETURN_TYPE = YES_ERROR;
				GCC_WARN_UNDECLARED_SELECTOR = YES;
				GCC_WARN_UNINITIALIZED_AUTOS = YES_AGGRESSIVE;
				GCC_WARN_UNUSED_FUNCTION = YES;
				GCC_WARN_UNUSED_VARIABLE = YES;
				IPHONEOS_DEPLOYMENT_TARGET = 15.5;
				MTL_ENABLE_DEBUG_INFO = INCLUDE_SOURCE;
				MTL_FAST_MATH = YES;
				ONLY_ACTIVE_ARCH = YES;
				SDKROOT = iphoneos;
				SWIFT_ACTIVE_COMPILATION_CONDITIONS = DEBUG;
				SWIFT_OPTIMIZATION_LEVEL = "-Onone";
			};
			name = Debug;
		};
		9BC544B128FE80D1005F39BE /* Release */ = {
			isa = XCBuildConfiguration;
			buildSettings = {
				ALWAYS_SEARCH_USER_PATHS = NO;
				CLANG_ANALYZER_NONNULL = YES;
				CLANG_ANALYZER_NUMBER_OBJECT_CONVERSION = YES_AGGRESSIVE;
				CLANG_CXX_LANGUAGE_STANDARD = "gnu++17";
				CLANG_ENABLE_MODULES = YES;
				CLANG_ENABLE_OBJC_ARC = YES;
				CLANG_ENABLE_OBJC_WEAK = YES;
				CLANG_WARN_BLOCK_CAPTURE_AUTORELEASING = YES;
				CLANG_WARN_BOOL_CONVERSION = YES;
				CLANG_WARN_COMMA = YES;
				CLANG_WARN_CONSTANT_CONVERSION = YES;
				CLANG_WARN_DEPRECATED_OBJC_IMPLEMENTATIONS = YES;
				CLANG_WARN_DIRECT_OBJC_ISA_USAGE = YES_ERROR;
				CLANG_WARN_DOCUMENTATION_COMMENTS = YES;
				CLANG_WARN_EMPTY_BODY = YES;
				CLANG_WARN_ENUM_CONVERSION = YES;
				CLANG_WARN_INFINITE_RECURSION = YES;
				CLANG_WARN_INT_CONVERSION = YES;
				CLANG_WARN_NON_LITERAL_NULL_CONVERSION = YES;
				CLANG_WARN_OBJC_IMPLICIT_RETAIN_SELF = YES;
				CLANG_WARN_OBJC_LITERAL_CONVERSION = YES;
				CLANG_WARN_OBJC_ROOT_CLASS = YES_ERROR;
				CLANG_WARN_QUOTED_INCLUDE_IN_FRAMEWORK_HEADER = YES;
				CLANG_WARN_RANGE_LOOP_ANALYSIS = YES;
				CLANG_WARN_STRICT_PROTOTYPES = YES;
				CLANG_WARN_SUSPICIOUS_MOVE = YES;
				CLANG_WARN_UNGUARDED_AVAILABILITY = YES_AGGRESSIVE;
				CLANG_WARN_UNREACHABLE_CODE = YES;
				CLANG_WARN__DUPLICATE_METHOD_MATCH = YES;
				COPY_PHASE_STRIP = NO;
				DEBUG_INFORMATION_FORMAT = "dwarf-with-dsym";
				ENABLE_NS_ASSERTIONS = NO;
				ENABLE_STRICT_OBJC_MSGSEND = YES;
				GCC_C_LANGUAGE_STANDARD = gnu11;
				GCC_NO_COMMON_BLOCKS = YES;
				GCC_WARN_64_TO_32_BIT_CONVERSION = YES;
				GCC_WARN_ABOUT_RETURN_TYPE = YES_ERROR;
				GCC_WARN_UNDECLARED_SELECTOR = YES;
				GCC_WARN_UNINITIALIZED_AUTOS = YES_AGGRESSIVE;
				GCC_WARN_UNUSED_FUNCTION = YES;
				GCC_WARN_UNUSED_VARIABLE = YES;
				IPHONEOS_DEPLOYMENT_TARGET = 15.5;
				MTL_ENABLE_DEBUG_INFO = NO;
				MTL_FAST_MATH = YES;
				SDKROOT = iphoneos;
				SWIFT_COMPILATION_MODE = wholemodule;
				SWIFT_OPTIMIZATION_LEVEL = "-O";
				VALIDATE_PRODUCT = YES;
			};
			name = Release;
		};
		9BC544B328FE80D1005F39BE /* Debug */ = {
			isa = XCBuildConfiguration;
			buildSettings = {
				ASSETCATALOG_COMPILER_APPICON_NAME = AppIcon;
				ASSETCATALOG_COMPILER_GLOBAL_ACCENT_COLOR_NAME = AccentColor;
				CODE_SIGN_STYLE = Automatic;
				CURRENT_PROJECT_VERSION = 1;
				DEVELOPMENT_TEAM = 2555KAZ427;
				GENERATE_INFOPLIST_FILE = YES;
				INFOPLIST_FILE = Loop/Info.plist;
				INFOPLIST_KEY_UIApplicationSupportsIndirectInputEvents = YES;
				INFOPLIST_KEY_UILaunchStoryboardName = LaunchScreen;
				INFOPLIST_KEY_UIMainStoryboardFile = Main;
				INFOPLIST_KEY_UISupportedInterfaceOrientations_iPad = "UIInterfaceOrientationPortrait UIInterfaceOrientationPortraitUpsideDown UIInterfaceOrientationLandscapeLeft UIInterfaceOrientationLandscapeRight";
				INFOPLIST_KEY_UISupportedInterfaceOrientations_iPhone = "UIInterfaceOrientationPortrait UIInterfaceOrientationLandscapeLeft UIInterfaceOrientationLandscapeRight";
				IPHONEOS_DEPLOYMENT_TARGET = 13.0;
				LD_RUNPATH_SEARCH_PATHS = (
					"$(inherited)",
					"@executable_path/Frameworks",
				);
				MARKETING_VERSION = 1.0;
				PRODUCT_BUNDLE_IDENTIFIER = dezerv.Loop;
				PRODUCT_NAME = "$(TARGET_NAME)";
				SWIFT_EMIT_LOC_STRINGS = YES;
				SWIFT_VERSION = 5.0;
				TARGETED_DEVICE_FAMILY = 1;
			};
			name = Debug;
		};
		9BC544B428FE80D1005F39BE /* Release */ = {
			isa = XCBuildConfiguration;
			buildSettings = {
				ASSETCATALOG_COMPILER_APPICON_NAME = AppIcon;
				ASSETCATALOG_COMPILER_GLOBAL_ACCENT_COLOR_NAME = AccentColor;
				CODE_SIGN_STYLE = Automatic;
				CURRENT_PROJECT_VERSION = 1;
				DEVELOPMENT_TEAM = 2555KAZ427;
				GENERATE_INFOPLIST_FILE = YES;
				INFOPLIST_FILE = Loop/Info.plist;
				INFOPLIST_KEY_UIApplicationSupportsIndirectInputEvents = YES;
				INFOPLIST_KEY_UILaunchStoryboardName = LaunchScreen;
				INFOPLIST_KEY_UIMainStoryboardFile = Main;
				INFOPLIST_KEY_UISupportedInterfaceOrientations_iPad = "UIInterfaceOrientationPortrait UIInterfaceOrientationPortraitUpsideDown UIInterfaceOrientationLandscapeLeft UIInterfaceOrientationLandscapeRight";
				INFOPLIST_KEY_UISupportedInterfaceOrientations_iPhone = "UIInterfaceOrientationPortrait UIInterfaceOrientationLandscapeLeft UIInterfaceOrientationLandscapeRight";
				IPHONEOS_DEPLOYMENT_TARGET = 13.0;
				LD_RUNPATH_SEARCH_PATHS = (
					"$(inherited)",
					"@executable_path/Frameworks",
				);
				MARKETING_VERSION = 1.0;
				PRODUCT_BUNDLE_IDENTIFIER = dezerv.Loop;
				PRODUCT_NAME = "$(TARGET_NAME)";
				SWIFT_EMIT_LOC_STRINGS = YES;
				SWIFT_VERSION = 5.0;
				TARGETED_DEVICE_FAMILY = 1;
			};
			name = Release;
		};
/* End XCBuildConfiguration section */

/* Begin XCConfigurationList section */
		9BC5449928FE80CF005F39BE /* Build configuration list for PBXProject "Loop" */ = {
			isa = XCConfigurationList;
			buildConfigurations = (
				9BC544B028FE80D1005F39BE /* Debug */,
				9BC544B128FE80D1005F39BE /* Release */,
			);
			defaultConfigurationIsVisible = 0;
			defaultConfigurationName = Release;
		};
		9BC544B228FE80D1005F39BE /* Build configuration list for PBXNativeTarget "Loop" */ = {
			isa = XCConfigurationList;
			buildConfigurations = (
				9BC544B328FE80D1005F39BE /* Debug */,
				9BC544B428FE80D1005F39BE /* Release */,
			);
			defaultConfigurationIsVisible = 0;
			defaultConfigurationName = Release;
		};
/* End XCConfigurationList section */
	};
	rootObject = 9BC5449628FE80CF005F39BE /* Project object */;
}
